
Microsoft Visual Studio Solution File, Format Version 12.00
# Visual Studio Version 16
VisualStudioVersion = 16.0.30225.117
MinimumVisualStudioVersion = 10.0.40219.1
Project("{FAE04EC0-301F-11D3-BF4B-00C04F79EFBC}") = "Simple.CodeArtEng.Tcp.NetCore", "Simple.CodeArtEng.Tcp.NetCore\Simple.CodeArtEng.Tcp.NetCore.csproj", "{53128555-B4B5-45FF-8F46-4847C33A01C6}"
EndProject
Global
	GlobalSection(SolutionConfigurationPlatforms) = preSolution
		Debug|Any CPU = Debug|Any CPU
		Release|Any CPU = Release|Any CPU
	EndGlobalSection
	GlobalSection(ProjectConfigurationPlatforms) = postSolution
		{53128555-B4B5-45FF-8F46-4847C33A01C6}.Debug|Any CPU.ActiveCfg = Debug|Any CPU
		{53128555-B4B5-45FF-8F46-4847C33A01C6}.Debug|Any CPU.Build.0 = Debug|Any CPU
		{53128555-B4B5-45FF-8F46-4847C33A01C6}.Release|Any CPU.ActiveCfg = Release|Any CPU
		{53128555-B4B5-45FF-8F46-4847C33A01C6}.Release|Any CPU.Build.0 = Release|Any CPU
	EndGlobalSection
	GlobalSection(SolutionProperties) = preSolution
		HideSolutionNode = FALSE
	EndGlobalSection
	GlobalSection(ExtensibilityGlobals) = postSolution
		SolutionGuid = {712A6BEC-15F8-49C8-9F55-A820ACD53F5E}
	EndGlobalSection
EndGlobal
